
Microsoft Visual Studio Solution File, Format Version 12.00
# Visual Studio 15
VisualStudioVersion = 15.0.28307.1145
MinimumVisualStudioVersion = 10.0.40219.1
Project("{C7167F0D-BC9F-4E6E-AFE1-012C56B48DB5}") = "ClipboardExUWP", "ClipboardExUWP.wapproj", "{8474F87B-047D-4915-9C47-50361001F3E3}"
EndProject
Project("{8BC9CEB8-8B4A-11D0-8D11-00A0C91BC942}") = "ClipboardEx", "..\ClipboardEx\ClipboardEx.vcxproj", "{F5557518-8214-39AD-8BA5-A3EFC6ED0994}"
EndProject
Global
	GlobalSection(SolutionConfigurationPlatforms) = preSolution
		Debug|Any CPU = Debug|Any CPU
		Debug|x64 = Debug|x64
		Debug|x86 = Debug|x86
		Release|Any CPU = Release|Any CPU
		Release|x64 = Release|x64
		Release|x86 = Release|x86
	EndGlobalSection
	GlobalSection(ProjectConfigurationPlatforms) = postSolution
		{8474F87B-047D-4915-9C47-50361001F3E3}.Debug|Any CPU.ActiveCfg = Debug|Any CPU
		{8474F87B-047D-4915-9C47-50361001F3E3}.Debug|Any CPU.Build.0 = Debug|Any CPU
		{8474F87B-047D-4915-9C47-50361001F3E3}.Debug|Any CPU.Deploy.0 = Debug|Any CPU
		{8474F87B-047D-4915-9C47-50361001F3E3}.Debug|x64.ActiveCfg = Debug|x64
		{8474F87B-047D-4915-9C47-50361001F3E3}.Debug|x64.Build.0 = Debug|x64
		{8474F87B-047D-4915-9C47-50361001F3E3}.Debug|x64.Deploy.0 = Debug|x64
		{8474F87B-047D-4915-9C47-50361001F3E3}.Debug|x86.ActiveCfg = Debug|x86
		{8474F87B-047D-4915-9C47-50361001F3E3}.Debug|x86.Build.0 = Debug|x86
		{8474F87B-047D-4915-9C47-50361001F3E3}.Debug|x86.Deploy.0 = Debug|x86
		{8474F87B-047D-4915-9C47-50361001F3E3}.Release|Any CPU.ActiveCfg = Release|Any CPU
		{8474F87B-047D-4915-9C47-50361001F3E3}.Release|Any CPU.Build.0 = Release|Any CPU
		{8474F87B-047D-4915-9C47-50361001F3E3}.Release|Any CPU.Deploy.0 = Release|Any CPU
		{8474F87B-047D-4915-9C47-50361001F3E3}.Release|x64.ActiveCfg = Release|x64
		{8474F87B-047D-4915-9C47-50361001F3E3}.Release|x64.Build.0 = Release|x64
		{8474F87B-047D-4915-9C47-50361001F3E3}.Release|x64.Deploy.0 = Release|x64
		{8474F87B-047D-4915-9C47-50361001F3E3}.Release|x86.ActiveCfg = Release|x86
		{8474F87B-047D-4915-9C47-50361001F3E3}.Release|x86.Build.0 = Release|x86
		{8474F87B-047D-4915-9C47-50361001F3E3}.Release|x86.Deploy.0 = Release|x86
		{F5557518-8214-39AD-8BA5-A3EFC6ED0994}.Debug|Any CPU.ActiveCfg = Debug|Win32
		{F5557518-8214-39AD-8BA5-A3EFC6ED0994}.Debug|x64.ActiveCfg = Debug|Win32
		{F5557518-8214-39AD-8BA5-A3EFC6ED0994}.Debug|x86.ActiveCfg = Debug|Win32
		{F5557518-8214-39AD-8BA5-A3EFC6ED0994}.Debug|x86.Build.0 = Debug|Win32
		{F5557518-8214-39AD-8BA5-A3EFC6ED0994}.Release|Any CPU.ActiveCfg = Release|Win32
		{F5557518-8214-39AD-8BA5-A3EFC6ED0994}.Release|x64.ActiveCfg = Release|Win32
		{F5557518-8214-39AD-8BA5-A3EFC6ED0994}.Release|x86.ActiveCfg = Release|Win32
		{F5557518-8214-39AD-8BA5-A3EFC6ED0994}.Release|x86.Build.0 = Release|Win32
	EndGlobalSection
	GlobalSection(SolutionProperties) = preSolution
		HideSolutionNode = FALSE
	EndGlobalSection
	GlobalSection(ExtensibilityGlobals) = postSolution
		SolutionGuid = {9D5D07F8-3BA8-4C98-BEEA-503C31F77532}
	EndGlobalSection
EndGlobal
